
Microsoft Visual Studio Solution File, Format Version 12.00
# Visual Studio Version 17
VisualStudioVersion = 17.0.32014.148
MinimumVisualStudioVersion = 10.0.40219.1
Project("{9A19103F-16F7-4668-BE54-9A1E7A4F7556}") = "Terra.Net.Grpc", "Terra.Net.Grpc\Terra.Net.Grpc.csproj", "{735264E0-2868-4C02-870D-6D3D301A6370}"
EndProject
Global
	GlobalSection(SolutionConfigurationPlatforms) = preSolution
		Debug|Any CPU = Debug|Any CPU
		Release|Any CPU = Release|Any CPU
	EndGlobalSection
	GlobalSection(ProjectConfigurationPlatforms) = postSolution
		{735264E0-2868-4C02-870D-6D3D301A6370}.Debug|Any CPU.ActiveCfg = Debug|Any CPU
		{735264E0-2868-4C02-870D-6D3D301A6370}.Debug|Any CPU.Build.0 = Debug|Any CPU
		{735264E0-2868-4C02-870D-6D3D301A6370}.Release|Any CPU.ActiveCfg = Release|Any CPU
		{735264E0-2868-4C02-870D-6D3D301A6370}.Release|Any CPU.Build.0 = Release|Any CPU
	EndGlobalSection
	GlobalSection(SolutionProperties) = preSolution
		HideSolutionNode = FALSE
	EndGlobalSection
	GlobalSection(ExtensibilityGlobals) = postSolution
		SolutionGuid = {3DE84416-1D07-4AA2-A7AE-1E23A8B11DC0}
	EndGlobalSection
EndGlobal
